
Microsoft Visual Studio Solution File, Format Version 12.00
# Visual Studio Version 17
VisualStudioVersion = 17.6.33801.468
MinimumVisualStudioVersion = 10.0.40219.1
Project("{FAE04EC0-301F-11D3-BF4B-00C04F79EFBC}") = "ExerciciosPraticos", "ExerciciosPraticos\ExerciciosPraticos.csproj", "{3F34D282-D82F-4C1D-9114-9058423B44B3}"
EndProject
Global
	GlobalSection(SolutionConfigurationPlatforms) = preSolution
		Debug|Any CPU = Debug|Any CPU
		Release|Any CPU = Release|Any CPU
	EndGlobalSection
	GlobalSection(ProjectConfigurationPlatforms) = postSolution
		{3F34D282-D82F-4C1D-9114-9058423B44B3}.Debug|Any CPU.ActiveCfg = Debug|Any CPU
		{3F34D282-D82F-4C1D-9114-9058423B44B3}.Debug|Any CPU.Build.0 = Debug|Any CPU
		{3F34D282-D82F-4C1D-9114-9058423B44B3}.Release|Any CPU.ActiveCfg = Release|Any CPU
		{3F34D282-D82F-4C1D-9114-9058423B44B3}.Release|Any CPU.Build.0 = Release|Any CPU
	EndGlobalSection
	GlobalSection(SolutionProperties) = preSolution
		HideSolutionNode = FALSE
	EndGlobalSection
	GlobalSection(ExtensibilityGlobals) = postSolution
		SolutionGuid = {ED19C28C-838A-4D5A-8FCD-ABB0E658FED5}
	EndGlobalSection
EndGlobal
